// !$*UTF8*$!
{
	archiveVersion = 1;
	classes = {
	};
	objectVersion = 50;
	objects = {

/* Begin PBXBuildFile section */
		8347BE3F26E328850021973B /* AppDelegate.swift in Sources */ = {isa = PBXBuildFile; fileRef = 8347BE3E26E328850021973B /* AppDelegate.swift */; };
		8347BE4126E328850021973B /* SceneDelegate.swift in Sources */ = {isa = PBXBuildFile; fileRef = 8347BE4026E328850021973B /* SceneDelegate.swift */; };
		8347BE4326E328850021973B /* ViewController.swift in Sources */ = {isa = PBXBuildFile; fileRef = 8347BE4226E328850021973B /* ViewController.swift */; };
		8347BE4626E328850021973B /* Main.storyboard in Resources */ = {isa = PBXBuildFile; fileRef = 8347BE4426E328850021973B /* Main.storyboard */; };
		8347BE4826E328850021973B /* Assets.xcassets in Resources */ = {isa = PBXBuildFile; fileRef = 8347BE4726E328850021973B /* Assets.xcassets */; };
		8347BE4B26E328850021973B /* LaunchScreen.storyboard in Resources */ = {isa = PBXBuildFile; fileRef = 8347BE4926E328850021973B /* LaunchScreen.storyboard */; };
		8347BE5626E328860021973B /* hw7Tests.swift in Sources */ = {isa = PBXBuildFile; fileRef = 8347BE5526E328860021973B /* hw7Tests.swift */; };
		8347BE6126E328860021973B /* hw7UITests.swift in Sources */ = {isa = PBXBuildFile; fileRef = 8347BE6026E328860021973B /* hw7UITests.swift */; };
/* End PBXBuildFile section */

/* Begin PBXContainerItemProxy section */
		8347BE5226E328860021973B /* PBXContainerItemProxy */ = {
			isa = PBXContainerItemProxy;
			containerPortal = 8347BE3326E328840021973B /* Project object */;
			proxyType = 1;
			remoteGlobalIDString = 8347BE3A26E328840021973B;
			remoteInfo = hw7;
		};
		8347BE5D26E328860021973B /* PBXContainerItemProxy */ = {
			isa = PBXContainerItemProxy;
			containerPortal = 8347BE3326E328840021973B /* Project object */;
			proxyType = 1;
			remoteGlobalIDString = 8347BE3A26E328840021973B;
			remoteInfo = hw7;
		};
/* End PBXContainerItemProxy section */

/* Begin PBXFileReference section */
		8347BE3B26E328850021973B /* hw7.app */ = {isa = PBXFileReference; explicitFileType = wrapper.application; includeInIndex = 0; path = hw7.app; sourceTree = BUILT_PRODUCTS_DIR; };
		8347BE3E26E328850021973B /* AppDelegate.swift */ = {isa = PBXFileReference; lastKnownFileType = sourcecode.swift; path = AppDelegate.swift; sourceTree = "<group>"; };
		8347BE4026E328850021973B /* SceneDelegate.swift */ = {isa = PBXFileReference; lastKnownFileType = sourcecode.swift; path = SceneDelegate.swift; sourceTree = "<group>"; };
		8347BE4226E328850021973B /* ViewController.swift */ = {isa = PBXFileReference; lastKnownFileType = sourcecode.swift; path = ViewController.swift; sourceTree = "<group>"; };
		8347BE4526E328850021973B /* Base */ = {isa = PBXFileReference; lastKnownFileType = file.storyboard; name = Base; path = Base.lproj/Main.storyboard; sourceTree = "<group>"; };
		8347BE4726E328850021973B /* Assets.xcassets */ = {isa = PBXFileReference; lastKnownFileType = folder.assetcatalog; path = Assets.xcassets; sourceTree = "<group>"; };
		8347BE4A26E328850021973B /* Base */ = {isa = PBXFileReference; lastKnownFileType = file.storyboard; name = Base; path = Base.lproj/LaunchScreen.storyboard; sourceTree = "<group>"; };
		8347BE4C26E328850021973B /* Info.plist */ = {isa = PBXFileReference; lastKnownFileType = text.plist.xml; path = Info.plist; sourceTree = "<group>"; };
		8347BE5126E328860021973B /* hw7Tests.xctest */ = {isa = PBXFileReference; explicitFileType = wrapper.cfbundle; includeInIndex = 0; path = hw7Tests.xctest; sourceTree = BUILT_PRODUCTS_DIR; };
		8347BE5526E328860021973B /* hw7Tests.swift */ = {isa = PBXFileReference; lastKnownFileType = sourcecode.swift; path = hw7Tests.swift; sourceTree = "<group>"; };
		8347BE5726E328860021973B /* Info.plist */ = {isa = PBXFileReference; lastKnownFileType = text.plist.xml; path = Info.plist; sourceTree = "<group>"; };
		8347BE5C26E328860021973B /* hw7UITests.xctest */ = {isa = PBXFileReference; explicitFileType = wrapper.cfbundle; includeInIndex = 0; path = hw7UITests.xctest; sourceTree = BUILT_PRODUCTS_DIR; };
		8347BE6026E328860021973B /* hw7UITests.swift */ = {isa = PBXFileReference; lastKnownFileType = sourcecode.swift; path = hw7UITests.swift; sourceTree = "<group>"; };
		8347BE6226E328860021973B /* Info.plist */ = {isa = PBXFileReference; lastKnownFileType = text.plist.xml; path = Info.plist; sourceTree = "<group>"; };
/* End PBXFileReference section */

/* Begin PBXFrameworksBuildPhase section */
		8347BE3826E328840021973B /* Frameworks */ = {
			isa = PBXFrameworksBuildPhase;
			buildActionMask = 2147483647;
			files = (
			);
			runOnlyForDeploymentPostprocessing = 0;
		};
		8347BE4E26E328860021973B /* Frameworks */ = {
			isa = PBXFrameworksBuildPhase;
			buildActionMask = 2147483647;
			files = (
			);
			runOnlyForDeploymentPostprocessing = 0;
		};
		8347BE5926E328860021973B /* Frameworks */ = {
			isa = PBXFrameworksBuildPhase;
			buildActionMask = 2147483647;
			files = (
			);
			runOnlyForDeploymentPostprocessing = 0;
		};
/* End PBXFrameworksBuildPhase section */

/* Begin PBXGroup section */
		8347BE3226E328840021973B = {
			isa = PBXGroup;
			children = (
				8347BE3D26E328850021973B /* hw7 */,
				8347BE5426E328860021973B /* hw7Tests */,
				8347BE5F26E328860021973B /* hw7UITests */,
				8347BE3C26E328850021973B /* Products */,
			);
			sourceTree = "<group>";
		};
		8347BE3C26E328850021973B /* Products */ = {
			isa = PBXGroup;
			children = (
				8347BE3B26E328850021973B /* hw7.app */,
				8347BE5126E328860021973B /* hw7Tests.xctest */,
				8347BE5C26E328860021973B /* hw7UITests.xctest */,
			);
			name = Products;
			sourceTree = "<group>";
		};
		8347BE3D26E328850021973B /* hw7 */ = {
			isa = PBXGroup;
			children = (
				8347BE3E26E328850021973B /* AppDelegate.swift */,
				8347BE4026E328850021973B /* SceneDelegate.swift */,
				8347BE4226E328850021973B /* ViewController.swift */,
				8347BE4426E328850021973B /* Main.storyboard */,
				8347BE4726E328850021973B /* Assets.xcassets */,
				8347BE4926E328850021973B /* LaunchScreen.storyboard */,
				8347BE4C26E328850021973B /* Info.plist */,
			);
			path = hw7;
			sourceTree = "<group>";
		};
		8347BE5426E328860021973B /* hw7Tests */ = {
			isa = PBXGroup;
			children = (
				8347BE5526E328860021973B /* hw7Tests.swift */,
				8347BE5726E328860021973B /* Info.plist */,
			);
			path = hw7Tests;
			sourceTree = "<group>";
		};
		8347BE5F26E328860021973B /* hw7UITests */ = {
			isa = PBXGroup;
			children = (
				8347BE6026E328860021973B /* hw7UITests.swift */,
				8347BE6226E328860021973B /* Info.plist */,
			);
			path = hw7UITests;
			sourceTree = "<group>";
		};
/* End PBXGroup section */

/* Begin PBXNativeTarget section */
		8347BE3A26E328840021973B /* hw7 */ = {
			isa = PBXNativeTarget;
			buildConfigurationList = 8347BE6526E328860021973B /* Build configuration list for PBXNativeTarget "hw7" */;
			buildPhases = (
				8347BE3726E328840021973B /* Sources */,
				8347BE3826E328840021973B /* Frameworks */,
				8347BE3926E328840021973B /* Resources */,
			);
			buildRules = (
			);
			dependencies = (
			);
			name = hw7;
			productName = hw7;
			productReference = 8347BE3B26E328850021973B /* hw7.app */;
			productType = "com.apple.product-type.application";
		};
		8347BE5026E328860021973B /* hw7Tests */ = {
			isa = PBXNativeTarget;
			buildConfigurationList = 8347BE6826E328860021973B /* Build configuration list for PBXNativeTarget "hw7Tests" */;
			buildPhases = (
				8347BE4D26E328860021973B /* Sources */,
				8347BE4E26E328860021973B /* Frameworks */,
				8347BE4F26E328860021973B /* Resources */,
			);
			buildRules = (
			);
			dependencies = (
				8347BE5326E328860021973B /* PBXTargetDependency */,
			);
			name = hw7Tests;
			productName = hw7Tests;
			productReference = 8347BE5126E328860021973B /* hw7Tests.xctest */;
			productType = "com.apple.product-type.bundle.unit-test";
		};
		8347BE5B26E328860021973B /* hw7UITests */ = {
			isa = PBXNativeTarget;
			buildConfigurationList = 8347BE6B26E328860021973B /* Build configuration list for PBXNativeTarget "hw7UITests" */;
			buildPhases = (
				8347BE5826E328860021973B /* Sources */,
				8347BE5926E328860021973B /* Frameworks */,
				8347BE5A26E328860021973B /* Resources */,
			);
			buildRules = (
			);
			dependencies = (
				8347BE5E26E328860021973B /* PBXTargetDependency */,
			);
			name = hw7UITests;
			productName = hw7UITests;
			productReference = 8347BE5C26E328860021973B /* hw7UITests.xctest */;
			productType = "com.apple.product-type.bundle.ui-testing";
		};
/* End PBXNativeTarget section */

/* Begin PBXProject section */
		8347BE3326E328840021973B /* Project object */ = {
			isa = PBXProject;
			attributes = {
				LastSwiftUpdateCheck = 1240;
				LastUpgradeCheck = 1240;
				TargetAttributes = {
					8347BE3A26E328840021973B = {
						CreatedOnToolsVersion = 12.4;
					};
					8347BE5026E328860021973B = {
						CreatedOnToolsVersion = 12.4;
						TestTargetID = 8347BE3A26E328840021973B;
					};
					8347BE5B26E328860021973B = {
						CreatedOnToolsVersion = 12.4;
						TestTargetID = 8347BE3A26E328840021973B;
					};
				};
			};
			buildConfigurationList = 8347BE3626E328840021973B /* Build configuration list for PBXProject "hw7" */;
			compatibilityVersion = "Xcode 9.3";
			developmentRegion = en;
			hasScannedForEncodings = 0;
			knownRegions = (
				en,
				Base,
			);
			mainGroup = 8347BE3226E328840021973B;
			productRefGroup = 8347BE3C26E328850021973B /* Products */;
			projectDirPath = "";
			projectRoot = "";
			targets = (
				8347BE3A26E328840021973B /* hw7 */,
				8347BE5026E328860021973B /* hw7Tests */,
				8347BE5B26E328860021973B /* hw7UITests */,
			);
		};
/* End PBXProject section */

/* Begin PBXResourcesBuildPhase section */
		8347BE3926E328840021973B /* Resources */ = {
			isa = PBXResourcesBuildPhase;
			buildActionMask = 2147483647;
			files = (
				8347BE4B26E328850021973B /* LaunchScreen.storyboard in Resources */,
				8347BE4826E328850021973B /* Assets.xcassets in Resources */,
				8347BE4626E328850021973B /* Main.storyboard in Resources */,
			);
			runOnlyForDeploymentPostprocessing = 0;
		};
		8347BE4F26E328860021973B /* Resources */ = {
			isa = PBXResourcesBuildPhase;
			buildActionMask = 2147483647;
			files = (
			);
			runOnlyForDeploymentPostprocessing = 0;
		};
		8347BE5A26E328860021973B /* Resources */ = {
			isa = PBXResourcesBuildPhase;
			buildActionMask = 2147483647;
			files = (
			);
			runOnlyForDeploymentPostprocessing = 0;
		};
/* End PBXResourcesBuildPhase section */

/* Begin PBXSourcesBuildPhase section */
		8347BE3726E328840021973B /* Sources */ = {
			isa = PBXSourcesBuildPhase;
			buildActionMask = 2147483647;
			files = (
				8347BE4326E328850021973B /* ViewController.swift in Sources */,
				8347BE3F26E328850021973B /* AppDelegate.swift in Sources */,
				8347BE4126E328850021973B /* SceneDelegate.swift in Sources */,
			);
			runOnlyForDeploymentPostprocessing = 0;
		};
		8347BE4D26E328860021973B /* Sources */ = {
			isa = PBXSourcesBuildPhase;
			buildActionMask = 2147483647;
			files = (
				8347BE5626E328860021973B /* hw7Tests.swift in Sources */,
			);
			runOnlyForDeploymentPostprocessing = 0;
		};
		8347BE5826E328860021973B /* Sources */ = {
			isa = PBXSourcesBuildPhase;
			buildActionMask = 2147483647;
			files = (
				8347BE6126E328860021973B /* hw7UITests.swift in Sources */,
			);
			runOnlyForDeploymentPostprocessing = 0;
		};
/* End PBXSourcesBuildPhase section */

/* Begin PBXTargetDependency section */
		8347BE5326E328860021973B /* PBXTargetDependency */ = {
			isa = PBXTargetDependency;
			target = 8347BE3A26E328840021973B /* hw7 */;
			targetProxy = 8347BE5226E328860021973B /* PBXContainerItemProxy */;
		};
		8347BE5E26E328860021973B /* PBXTargetDependency */ = {
			isa = PBXTargetDependency;
			target = 8347BE3A26E328840021973B /* hw7 */;
			targetProxy = 8347BE5D26E328860021973B /* PBXContainerItemProxy */;
		};
/* End PBXTargetDependency section */

/* Begin PBXVariantGroup section */
		8347BE4426E328850021973B /* Main.storyboard */ = {
			isa = PBXVariantGroup;
			children = (
				8347BE4526E328850021973B /* Base */,
			);
			name = Main.storyboard;
			sourceTree = "<group>";
		};
		8347BE4926E328850021973B /* LaunchScreen.storyboard */ = {
			isa = PBXVariantGroup;
			children = (
				8347BE4A26E328850021973B /* Base */,
			);
			name = LaunchScreen.storyboard;
			sourceTree = "<group>";
		};
/* End PBXVariantGroup section */

/* Begin XCBuildConfiguration section */
		8347BE6326E328860021973B /* Debug */ = {
			isa = XCBuildConfiguration;
			buildSettings = {
				ALWAYS_SEARCH_USER_PATHS = NO;
				CLANG_ANALYZER_NONNULL = YES;
				CLANG_ANALYZER_NUMBER_OBJECT_CONVERSION = YES_AGGRESSIVE;
				CLANG_CXX_LANGUAGE_STANDARD = "gnu++14";
				CLANG_CXX_LIBRARY = "libc++";
				CLANG_ENABLE_MODULES = YES;
				CLANG_ENABLE_OBJC_ARC = YES;
				CLANG_ENABLE_OBJC_WEAK = YES;
				CLANG_WARN_BLOCK_CAPTURE_AUTORELEASING = YES;
				CLANG_WARN_BOOL_CONVERSION = YES;
				CLANG_WARN_COMMA = YES;
				CLANG_WARN_CONSTANT_CONVERSION = YES;
				CLANG_WARN_DEPRECATED_OBJC_IMPLEMENTATIONS = YES;
				CLANG_WARN_DIRECT_OBJC_ISA_USAGE = YES_ERROR;
				CLANG_WARN_DOCUMENTATION_COMMENTS = YES;
				CLANG_WARN_EMPTY_BODY = YES;
				CLANG_WARN_ENUM_CONVERSION = YES;
				CLANG_WARN_INFINITE_RECURSION = YES;
				CLANG_WARN_INT_CONVERSION = YES;
				CLANG_WARN_NON_LITERAL_NULL_CONVERSION = YES;
				CLANG_WARN_OBJC_IMPLICIT_RETAIN_SELF = YES;
				CLANG_WARN_OBJC_LITERAL_CONVERSION = YES;
				CLANG_WARN_OBJC_ROOT_CLASS = YES_ERROR;
				CLANG_WARN_QUOTED_INCLUDE_IN_FRAMEWORK_HEADER = YES;
				CLANG_WARN_RANGE_LOOP_ANALYSIS = YES;
				CLANG_WARN_STRICT_PROTOTYPES = YES;
				CLANG_WARN_SUSPICIOUS_MOVE = YES;
				CLANG_WARN_UNGUARDED_AVAILABILITY = YES_AGGRESSIVE;
				CLANG_WARN_UNREACHABLE_CODE = YES;
				CLANG_WARN__DUPLICATE_METHOD_MATCH = YES;
				COPY_PHASE_STRIP = NO;
				DEBUG_INFORMATION_FORMAT = dwarf;
				ENABLE_STRICT_OBJC_MSGSEND = YES;
				ENABLE_TESTABILITY = YES;
				GCC_C_LANGUAGE_STANDARD = gnu11;
				GCC_DYNAMIC_NO_PIC = NO;
				GCC_NO_COMMON_BLOCKS = YES;
				GCC_OPTIMIZATION_LEVEL = 0;
				GCC_PREPROCESSOR_DEFINITIONS = (
					"DEBUG=1",
					"$(inherited)",
				);
				GCC_WARN_64_TO_32_BIT_CONVERSION = YES;
				GCC_WARN_ABOUT_RETURN_TYPE = YES_ERROR;
				GCC_WARN_UNDECLARED_SELECTOR = YES;
				GCC_WARN_UNINITIALIZED_AUTOS = YES_AGGRESSIVE;
				GCC_WARN_UNUSED_FUNCTION = YES;
				GCC_WARN_UNUSED_VARIABLE = YES;
				IPHONEOS_DEPLOYMENT_TARGET = 14.4;
				MTL_ENABLE_DEBUG_INFO = INCLUDE_SOURCE;
				MTL_FAST_MATH = YES;
				ONLY_ACTIVE_ARCH = YES;
				SDKROOT = iphoneos;
				SWIFT_ACTIVE_COMPILATION_CONDITIONS = DEBUG;
				SWIFT_OPTIMIZATION_LEVEL = "-Onone";
			};
			name = Debug;
		};
		8347BE6426E328860021973B /* Release */ = {
			isa = XCBuildConfiguration;
			buildSettings = {
				ALWAYS_SEARCH_USER_PATHS = NO;
				CLANG_ANALYZER_NONNULL = YES;
				CLANG_ANALYZER_NUMBER_OBJECT_CONVERSION = YES_AGGRESSIVE;
				CLANG_CXX_LANGUAGE_STANDARD = "gnu++14";
				CLANG_CXX_LIBRARY = "libc++";
				CLANG_ENABLE_MODULES = YES;
				CLANG_ENABLE_OBJC_ARC = YES;
				CLANG_ENABLE_OBJC_WEAK = YES;
				CLANG_WARN_BLOCK_CAPTURE_AUTORELEASING = YES;
				CLANG_WARN_BOOL_CONVERSION = YES;
				CLANG_WARN_COMMA = YES;
				CLANG_WARN_CONSTANT_CONVERSION = YES;
				CLANG_WARN_DEPRECATED_OBJC_IMPLEMENTATIONS = YES;
				CLANG_WARN_DIRECT_OBJC_ISA_USAGE = YES_ERROR;
				CLANG_WARN_DOCUMENTATION_COMMENTS = YES;
				CLANG_WARN_EMPTY_BODY = YES;
				CLANG_WARN_ENUM_CONVERSION = YES;
				CLANG_WARN_INFINITE_RECURSION = YES;
				CLANG_WARN_INT_CONVERSION = YES;
				CLANG_WARN_NON_LITERAL_NULL_CONVERSION = YES;
				CLANG_WARN_OBJC_IMPLICIT_RETAIN_SELF = YES;
				CLANG_WARN_OBJC_LITERAL_CONVERSION = YES;
				CLANG_WARN_OBJC_ROOT_CLASS = YES_ERROR;
				CLANG_WARN_QUOTED_INCLUDE_IN_FRAMEWORK_HEADER = YES;
				CLANG_WARN_RANGE_LOOP_ANALYSIS = YES;
				CLANG_WARN_STRICT_PROTOTYPES = YES;
				CLANG_WARN_SUSPICIOUS_MOVE = YES;
				CLANG_WARN_UNGUARDED_AVAILABILITY = YES_AGGRESSIVE;
				CLANG_WARN_UNREACHABLE_CODE = YES;
				CLANG_WARN__DUPLICATE_METHOD_MATCH = YES;
				COPY_PHASE_STRIP = NO;
				DEBUG_INFORMATION_FORMAT = "dwarf-with-dsym";
				ENABLE_NS_ASSERTIONS = NO;
				ENABLE_STRICT_OBJC_MSGSEND = YES;
				GCC_C_LANGUAGE_STANDARD = gnu11;
				GCC_NO_COMMON_BLOCKS = YES;
				GCC_WARN_64_TO_32_BIT_CONVERSION = YES;
				GCC_WARN_ABOUT_RETURN_TYPE = YES_ERROR;
				GCC_WARN_UNDECLARED_SELECTOR = YES;
				GCC_WARN_UNINITIALIZED_AUTOS = YES_AGGRESSIVE;
				GCC_WARN_UNUSED_FUNCTION = YES;
				GCC_WARN_UNUSED_VARIABLE = YES;
				IPHONEOS_DEPLOYMENT_TARGET = 14.4;
				MTL_ENABLE_DEBUG_INFO = NO;
				MTL_FAST_MATH = YES;
				SDKROOT = iphoneos;
				SWIFT_COMPILATION_MODE = wholemodule;
				SWIFT_OPTIMIZATION_LEVEL = "-O";
				VALIDATE_PRODUCT = YES;
			};
			name = Release;
		};
		8347BE6626E328860021973B /* Debug */ = {
			isa = XCBuildConfiguration;
			buildSettings = {
				ASSETCATALOG_COMPILER_APPICON_NAME = AppIcon;
				ASSETCATALOG_COMPILER_GLOBAL_ACCENT_COLOR_NAME = AccentColor;
				CODE_SIGN_STYLE = Automatic;
				DEVELOPMENT_TEAM = 56NB3JKLU5;
				INFOPLIST_FILE = hw7/Info.plist;
				LD_RUNPATH_SEARCH_PATHS = (
					"$(inherited)",
					"@executable_path/Frameworks",
				);
				PRODUCT_BUNDLE_IDENTIFIER = myComp.hw7;
				PRODUCT_NAME = "$(TARGET_NAME)";
				SWIFT_VERSION = 5.0;
				TARGETED_DEVICE_FAMILY = "1,2";
			};
			name = Debug;
		};
		8347BE6726E328860021973B /* Release */ = {
			isa = XCBuildConfiguration;
			buildSettings = {
				ASSETCATALOG_COMPILER_APPICON_NAME = AppIcon;
				ASSETCATALOG_COMPILER_GLOBAL_ACCENT_COLOR_NAME = AccentColor;
				CODE_SIGN_STYLE = Automatic;
				DEVELOPMENT_TEAM = 56NB3JKLU5;
				INFOPLIST_FILE = hw7/Info.plist;
				LD_RUNPATH_SEARCH_PATHS = (
					"$(inherited)",
					"@executable_path/Frameworks",
				);
				PRODUCT_BUNDLE_IDENTIFIER = myComp.hw7;
				PRODUCT_NAME = "$(TARGET_NAME)";
				SWIFT_VERSION = 5.0;
				TARGETED_DEVICE_FAMILY = "1,2";
			};
			name = Release;
		};
		8347BE6926E328860021973B /* Debug */ = {
			isa = XCBuildConfiguration;
			buildSettings = {
				ALWAYS_EMBED_SWIFT_STANDARD_LIBRARIES = YES;
				BUNDLE_LOADER = "$(TEST_HOST)";
				CODE_SIGN_STYLE = Automatic;
				INFOPLIST_FILE = hw7Tests/Info.plist;
				IPHONEOS_DEPLOYMENT_TARGET = 14.4;
				LD_RUNPATH_SEARCH_PATHS = (
					"$(inherited)",
					"@executable_path/Frameworks",
					"@loader_path/Frameworks",
				);
				PRODUCT_BUNDLE_IDENTIFIER = myComp.hw7Tests;
				PRODUCT_NAME = "$(TARGET_NAME)";
				SWIFT_VERSION = 5.0;
				TARGETED_DEVICE_FAMILY = "1,2";
				TEST_HOST = "$(BUILT_PRODUCTS_DIR)/hw7.app/hw7";
			};
			name = Debug;
		};
		8347BE6A26E328860021973B /* Release */ = {
			isa = XCBuildConfiguration;
			buildSettings = {
				ALWAYS_EMBED_SWIFT_STANDARD_LIBRARIES = YES;
				BUNDLE_LOADER = "$(TEST_HOST)";
				CODE_SIGN_STYLE = Automatic;
				INFOPLIST_FILE = hw7Tests/Info.plist;
				IPHONEOS_DEPLOYMENT_TARGET = 14.4;
				LD_RUNPATH_SEARCH_PATHS = (
					"$(inherited)",
					"@executable_path/Frameworks",
					"@loader_path/Frameworks",
				);
				PRODUCT_BUNDLE_IDENTIFIER = myComp.hw7Tests;
				PRODUCT_NAME = "$(TARGET_NAME)";
				SWIFT_VERSION = 5.0;
				TARGETED_DEVICE_FAMILY = "1,2";
				TEST_HOST = "$(BUILT_PRODUCTS_DIR)/hw7.app/hw7";
			};
			name = Release;
		};
		8347BE6C26E328860021973B /* Debug */ = {
			isa = XCBuildConfiguration;
			buildSettings = {
				ALWAYS_EMBED_SWIFT_STANDARD_LIBRARIES = YES;
				CODE_SIGN_STYLE = Automatic;
				INFOPLIST_FILE = hw7UITests/Info.plist;
				LD_RUNPATH_SEARCH_PATHS = (
					"$(inherited)",
					"@executable_path/Frameworks",
					"@loader_path/Frameworks",
				);
				PRODUCT_BUNDLE_IDENTIFIER = myComp.hw7UITests;
				PRODUCT_NAME = "$(TARGET_NAME)";
				SWIFT_VERSION = 5.0;
				TARGETED_DEVICE_FAMILY = "1,2";
				TEST_TARGET_NAME = hw7;
			};
			name = Debug;
		};
		8347BE6D26E328860021973B /* Release */ = {
			isa = XCBuildConfiguration;
			buildSettings = {
				ALWAYS_EMBED_SWIFT_STANDARD_LIBRARIES = YES;
				CODE_SIGN_STYLE = Automatic;
				INFOPLIST_FILE = hw7UITests/Info.plist;
				LD_RUNPATH_SEARCH_PATHS = (
					"$(inherited)",
					"@executable_path/Frameworks",
					"@loader_path/Frameworks",
				);
				PRODUCT_BUNDLE_IDENTIFIER = myComp.hw7UITests;
				PRODUCT_NAME = "$(TARGET_NAME)";
				SWIFT_VERSION = 5.0;
				TARGETED_DEVICE_FAMILY = "1,2";
				TEST_TARGET_NAME = hw7;
			};
			name = Release;
		};
/* End XCBuildConfiguration section */

/* Begin XCConfigurationList section */
		8347BE3626E328840021973B /* Build configuration list for PBXProject "hw7" */ = {
			isa = XCConfigurationList;
			buildConfigurations = (
				8347BE6326E328860021973B /* Debug */,
				8347BE6426E328860021973B /* Release */,
			);
			defaultConfigurationIsVisible = 0;
			defaultConfigurationName = Release;
		};
		8347BE6526E328860021973B /* Build configuration list for PBXNativeTarget "hw7" */ = {
			isa = XCConfigurationList;
			buildConfigurations = (
				8347BE6626E328860021973B /* Debug */,
				8347BE6726E328860021973B /* Release */,
			);
			defaultConfigurationIsVisible = 0;
			defaultConfigurationName = Release;
		};
		8347BE6826E328860021973B /* Build configuration list for PBXNativeTarget "hw7Tests" */ = {
			isa = XCConfigurationList;
			buildConfigurations = (
				8347BE6926E328860021973B /* Debug */,
				8347BE6A26E328860021973B /* Release */,
			);
			defaultConfigurationIsVisible = 0;
			defaultConfigurationName = Release;
		};
		8347BE6B26E328860021973B /* Build configuration list for PBXNativeTarget "hw7UITests" */ = {
			isa = XCConfigurationList;
			buildConfigurations = (
				8347BE6C26E328860021973B /* Debug */,
				8347BE6D26E328860021973B /* Release */,
			);
			defaultConfigurationIsVisible = 0;
			defaultConfigurationName = Release;
		};
/* End XCConfigurationList section */
	};
	rootObject = 8347BE3326E328840021973B /* Project object */;
}
