// !$*UTF8*$!
{
	archiveVersion = 1;
	classes = {
	};
	objectVersion = 50;
	objects = {

/* Begin PBXBuildFile section */
		8310804826EA2E330071B5D8 /* AppDelegate.swift in Sources */ = {isa = PBXBuildFile; fileRef = 8310804726EA2E330071B5D8 /* AppDelegate.swift */; };
		8310804A26EA2E330071B5D8 /* SceneDelegate.swift in Sources */ = {isa = PBXBuildFile; fileRef = 8310804926EA2E330071B5D8 /* SceneDelegate.swift */; };
		8310804C26EA2E330071B5D8 /* ViewController.swift in Sources */ = {isa = PBXBuildFile; fileRef = 8310804B26EA2E330071B5D8 /* ViewController.swift */; };
		8310804F26EA2E330071B5D8 /* Main.storyboard in Resources */ = {isa = PBXBuildFile; fileRef = 8310804D26EA2E330071B5D8 /* Main.storyboard */; };
		8310805126EA2E340071B5D8 /* Assets.xcassets in Resources */ = {isa = PBXBuildFile; fileRef = 8310805026EA2E340071B5D8 /* Assets.xcassets */; };
		8310805426EA2E340071B5D8 /* LaunchScreen.storyboard in Resources */ = {isa = PBXBuildFile; fileRef = 8310805226EA2E340071B5D8 /* LaunchScreen.storyboard */; };
		8310805F26EA2E340071B5D8 /* hw7bonus2Tests.swift in Sources */ = {isa = PBXBuildFile; fileRef = 8310805E26EA2E340071B5D8 /* hw7bonus2Tests.swift */; };
		8310806A26EA2E340071B5D8 /* hw7bonus2UITests.swift in Sources */ = {isa = PBXBuildFile; fileRef = 8310806926EA2E340071B5D8 /* hw7bonus2UITests.swift */; };
/* End PBXBuildFile section */

/* Begin PBXContainerItemProxy section */
		8310805B26EA2E340071B5D8 /* PBXContainerItemProxy */ = {
			isa = PBXContainerItemProxy;
			containerPortal = 8310803C26EA2E330071B5D8 /* Project object */;
			proxyType = 1;
			remoteGlobalIDString = 8310804326EA2E330071B5D8;
			remoteInfo = hw7bonus2;
		};
		8310806626EA2E340071B5D8 /* PBXContainerItemProxy */ = {
			isa = PBXContainerItemProxy;
			containerPortal = 8310803C26EA2E330071B5D8 /* Project object */;
			proxyType = 1;
			remoteGlobalIDString = 8310804326EA2E330071B5D8;
			remoteInfo = hw7bonus2;
		};
/* End PBXContainerItemProxy section */

/* Begin PBXFileReference section */
		8310804426EA2E330071B5D8 /* hw7bonus2.app */ = {isa = PBXFileReference; explicitFileType = wrapper.application; includeInIndex = 0; path = hw7bonus2.app; sourceTree = BUILT_PRODUCTS_DIR; };
		8310804726EA2E330071B5D8 /* AppDelegate.swift */ = {isa = PBXFileReference; lastKnownFileType = sourcecode.swift; path = AppDelegate.swift; sourceTree = "<group>"; };
		8310804926EA2E330071B5D8 /* SceneDelegate.swift */ = {isa = PBXFileReference; lastKnownFileType = sourcecode.swift; path = SceneDelegate.swift; sourceTree = "<group>"; };
		8310804B26EA2E330071B5D8 /* ViewController.swift */ = {isa = PBXFileReference; lastKnownFileType = sourcecode.swift; path = ViewController.swift; sourceTree = "<group>"; };
		8310804E26EA2E330071B5D8 /* Base */ = {isa = PBXFileReference; lastKnownFileType = file.storyboard; name = Base; path = Base.lproj/Main.storyboard; sourceTree = "<group>"; };
		8310805026EA2E340071B5D8 /* Assets.xcassets */ = {isa = PBXFileReference; lastKnownFileType = folder.assetcatalog; path = Assets.xcassets; sourceTree = "<group>"; };
		8310805326EA2E340071B5D8 /* Base */ = {isa = PBXFileReference; lastKnownFileType = file.storyboard; name = Base; path = Base.lproj/LaunchScreen.storyboard; sourceTree = "<group>"; };
		8310805526EA2E340071B5D8 /* Info.plist */ = {isa = PBXFileReference; lastKnownFileType = text.plist.xml; path = Info.plist; sourceTree = "<group>"; };
		8310805A26EA2E340071B5D8 /* hw7bonus2Tests.xctest */ = {isa = PBXFileReference; explicitFileType = wrapper.cfbundle; includeInIndex = 0; path = hw7bonus2Tests.xctest; sourceTree = BUILT_PRODUCTS_DIR; };
		8310805E26EA2E340071B5D8 /* hw7bonus2Tests.swift */ = {isa = PBXFileReference; lastKnownFileType = sourcecode.swift; path = hw7bonus2Tests.swift; sourceTree = "<group>"; };
		8310806026EA2E340071B5D8 /* Info.plist */ = {isa = PBXFileReference; lastKnownFileType = text.plist.xml; path = Info.plist; sourceTree = "<group>"; };
		8310806526EA2E340071B5D8 /* hw7bonus2UITests.xctest */ = {isa = PBXFileReference; explicitFileType = wrapper.cfbundle; includeInIndex = 0; path = hw7bonus2UITests.xctest; sourceTree = BUILT_PRODUCTS_DIR; };
		8310806926EA2E340071B5D8 /* hw7bonus2UITests.swift */ = {isa = PBXFileReference; lastKnownFileType = sourcecode.swift; path = hw7bonus2UITests.swift; sourceTree = "<group>"; };
		8310806B26EA2E340071B5D8 /* Info.plist */ = {isa = PBXFileReference; lastKnownFileType = text.plist.xml; path = Info.plist; sourceTree = "<group>"; };
/* End PBXFileReference section */

/* Begin PBXFrameworksBuildPhase section */
		8310804126EA2E330071B5D8 /* Frameworks */ = {
			isa = PBXFrameworksBuildPhase;
			buildActionMask = 2147483647;
			files = (
			);
			runOnlyForDeploymentPostprocessing = 0;
		};
		8310805726EA2E340071B5D8 /* Frameworks */ = {
			isa = PBXFrameworksBuildPhase;
			buildActionMask = 2147483647;
			files = (
			);
			runOnlyForDeploymentPostprocessing = 0;
		};
		8310806226EA2E340071B5D8 /* Frameworks */ = {
			isa = PBXFrameworksBuildPhase;
			buildActionMask = 2147483647;
			files = (
			);
			runOnlyForDeploymentPostprocessing = 0;
		};
/* End PBXFrameworksBuildPhase section */

/* Begin PBXGroup section */
		8310803B26EA2E330071B5D8 = {
			isa = PBXGroup;
			children = (
				8310804626EA2E330071B5D8 /* hw7bonus2 */,
				8310805D26EA2E340071B5D8 /* hw7bonus2Tests */,
				8310806826EA2E340071B5D8 /* hw7bonus2UITests */,
				8310804526EA2E330071B5D8 /* Products */,
			);
			sourceTree = "<group>";
		};
		8310804526EA2E330071B5D8 /* Products */ = {
			isa = PBXGroup;
			children = (
				8310804426EA2E330071B5D8 /* hw7bonus2.app */,
				8310805A26EA2E340071B5D8 /* hw7bonus2Tests.xctest */,
				8310806526EA2E340071B5D8 /* hw7bonus2UITests.xctest */,
			);
			name = Products;
			sourceTree = "<group>";
		};
		8310804626EA2E330071B5D8 /* hw7bonus2 */ = {
			isa = PBXGroup;
			children = (
				8310804726EA2E330071B5D8 /* AppDelegate.swift */,
				8310804926EA2E330071B5D8 /* SceneDelegate.swift */,
				8310804B26EA2E330071B5D8 /* ViewController.swift */,
				8310804D26EA2E330071B5D8 /* Main.storyboard */,
				8310805026EA2E340071B5D8 /* Assets.xcassets */,
				8310805226EA2E340071B5D8 /* LaunchScreen.storyboard */,
				8310805526EA2E340071B5D8 /* Info.plist */,
			);
			path = hw7bonus2;
			sourceTree = "<group>";
		};
		8310805D26EA2E340071B5D8 /* hw7bonus2Tests */ = {
			isa = PBXGroup;
			children = (
				8310805E26EA2E340071B5D8 /* hw7bonus2Tests.swift */,
				8310806026EA2E340071B5D8 /* Info.plist */,
			);
			path = hw7bonus2Tests;
			sourceTree = "<group>";
		};
		8310806826EA2E340071B5D8 /* hw7bonus2UITests */ = {
			isa = PBXGroup;
			children = (
				8310806926EA2E340071B5D8 /* hw7bonus2UITests.swift */,
				8310806B26EA2E340071B5D8 /* Info.plist */,
			);
			path = hw7bonus2UITests;
			sourceTree = "<group>";
		};
/* End PBXGroup section */

/* Begin PBXNativeTarget section */
		8310804326EA2E330071B5D8 /* hw7bonus2 */ = {
			isa = PBXNativeTarget;
			buildConfigurationList = 8310806E26EA2E350071B5D8 /* Build configuration list for PBXNativeTarget "hw7bonus2" */;
			buildPhases = (
				8310804026EA2E330071B5D8 /* Sources */,
				8310804126EA2E330071B5D8 /* Frameworks */,
				8310804226EA2E330071B5D8 /* Resources */,
			);
			buildRules = (
			);
			dependencies = (
			);
			name = hw7bonus2;
			productName = hw7bonus2;
			productReference = 8310804426EA2E330071B5D8 /* hw7bonus2.app */;
			productType = "com.apple.product-type.application";
		};
		8310805926EA2E340071B5D8 /* hw7bonus2Tests */ = {
			isa = PBXNativeTarget;
			buildConfigurationList = 8310807126EA2E350071B5D8 /* Build configuration list for PBXNativeTarget "hw7bonus2Tests" */;
			buildPhases = (
				8310805626EA2E340071B5D8 /* Sources */,
				8310805726EA2E340071B5D8 /* Frameworks */,
				8310805826EA2E340071B5D8 /* Resources */,
			);
			buildRules = (
			);
			dependencies = (
				8310805C26EA2E340071B5D8 /* PBXTargetDependency */,
			);
			name = hw7bonus2Tests;
			productName = hw7bonus2Tests;
			productReference = 8310805A26EA2E340071B5D8 /* hw7bonus2Tests.xctest */;
			productType = "com.apple.product-type.bundle.unit-test";
		};
		8310806426EA2E340071B5D8 /* hw7bonus2UITests */ = {
			isa = PBXNativeTarget;
			buildConfigurationList = 8310807426EA2E350071B5D8 /* Build configuration list for PBXNativeTarget "hw7bonus2UITests" */;
			buildPhases = (
				8310806126EA2E340071B5D8 /* Sources */,
				8310806226EA2E340071B5D8 /* Frameworks */,
				8310806326EA2E340071B5D8 /* Resources */,
			);
			buildRules = (
			);
			dependencies = (
				8310806726EA2E340071B5D8 /* PBXTargetDependency */,
			);
			name = hw7bonus2UITests;
			productName = hw7bonus2UITests;
			productReference = 8310806526EA2E340071B5D8 /* hw7bonus2UITests.xctest */;
			productType = "com.apple.product-type.bundle.ui-testing";
		};
/* End PBXNativeTarget section */

/* Begin PBXProject section */
		8310803C26EA2E330071B5D8 /* Project object */ = {
			isa = PBXProject;
			attributes = {
				LastSwiftUpdateCheck = 1240;
				LastUpgradeCheck = 1240;
				TargetAttributes = {
					8310804326EA2E330071B5D8 = {
						CreatedOnToolsVersion = 12.4;
					};
					8310805926EA2E340071B5D8 = {
						CreatedOnToolsVersion = 12.4;
						TestTargetID = 8310804326EA2E330071B5D8;
					};
					8310806426EA2E340071B5D8 = {
						CreatedOnToolsVersion = 12.4;
						TestTargetID = 8310804326EA2E330071B5D8;
					};
				};
			};
			buildConfigurationList = 8310803F26EA2E330071B5D8 /* Build configuration list for PBXProject "hw7bonus2" */;
			compatibilityVersion = "Xcode 9.3";
			developmentRegion = en;
			hasScannedForEncodings = 0;
			knownRegions = (
				en,
				Base,
			);
			mainGroup = 8310803B26EA2E330071B5D8;
			productRefGroup = 8310804526EA2E330071B5D8 /* Products */;
			projectDirPath = "";
			projectRoot = "";
			targets = (
				8310804326EA2E330071B5D8 /* hw7bonus2 */,
				8310805926EA2E340071B5D8 /* hw7bonus2Tests */,
				8310806426EA2E340071B5D8 /* hw7bonus2UITests */,
			);
		};
/* End PBXProject section */

/* Begin PBXResourcesBuildPhase section */
		8310804226EA2E330071B5D8 /* Resources */ = {
			isa = PBXResourcesBuildPhase;
			buildActionMask = 2147483647;
			files = (
				8310805426EA2E340071B5D8 /* LaunchScreen.storyboard in Resources */,
				8310805126EA2E340071B5D8 /* Assets.xcassets in Resources */,
				8310804F26EA2E330071B5D8 /* Main.storyboard in Resources */,
			);
			runOnlyForDeploymentPostprocessing = 0;
		};
		8310805826EA2E340071B5D8 /* Resources */ = {
			isa = PBXResourcesBuildPhase;
			buildActionMask = 2147483647;
			files = (
			);
			runOnlyForDeploymentPostprocessing = 0;
		};
		8310806326EA2E340071B5D8 /* Resources */ = {
			isa = PBXResourcesBuildPhase;
			buildActionMask = 2147483647;
			files = (
			);
			runOnlyForDeploymentPostprocessing = 0;
		};
/* End PBXResourcesBuildPhase section */

/* Begin PBXSourcesBuildPhase section */
		8310804026EA2E330071B5D8 /* Sources */ = {
			isa = PBXSourcesBuildPhase;
			buildActionMask = 2147483647;
			files = (
				8310804C26EA2E330071B5D8 /* ViewController.swift in Sources */,
				8310804826EA2E330071B5D8 /* AppDelegate.swift in Sources */,
				8310804A26EA2E330071B5D8 /* SceneDelegate.swift in Sources */,
			);
			runOnlyForDeploymentPostprocessing = 0;
		};
		8310805626EA2E340071B5D8 /* Sources */ = {
			isa = PBXSourcesBuildPhase;
			buildActionMask = 2147483647;
			files = (
				8310805F26EA2E340071B5D8 /* hw7bonus2Tests.swift in Sources */,
			);
			runOnlyForDeploymentPostprocessing = 0;
		};
		8310806126EA2E340071B5D8 /* Sources */ = {
			isa = PBXSourcesBuildPhase;
			buildActionMask = 2147483647;
			files = (
				8310806A26EA2E340071B5D8 /* hw7bonus2UITests.swift in Sources */,
			);
			runOnlyForDeploymentPostprocessing = 0;
		};
/* End PBXSourcesBuildPhase section */

/* Begin PBXTargetDependency section */
		8310805C26EA2E340071B5D8 /* PBXTargetDependency */ = {
			isa = PBXTargetDependency;
			target = 8310804326EA2E330071B5D8 /* hw7bonus2 */;
			targetProxy = 8310805B26EA2E340071B5D8 /* PBXContainerItemProxy */;
		};
		8310806726EA2E340071B5D8 /* PBXTargetDependency */ = {
			isa = PBXTargetDependency;
			target = 8310804326EA2E330071B5D8 /* hw7bonus2 */;
			targetProxy = 8310806626EA2E340071B5D8 /* PBXContainerItemProxy */;
		};
/* End PBXTargetDependency section */

/* Begin PBXVariantGroup section */
		8310804D26EA2E330071B5D8 /* Main.storyboard */ = {
			isa = PBXVariantGroup;
			children = (
				8310804E26EA2E330071B5D8 /* Base */,
			);
			name = Main.storyboard;
			sourceTree = "<group>";
		};
		8310805226EA2E340071B5D8 /* LaunchScreen.storyboard */ = {
			isa = PBXVariantGroup;
			children = (
				8310805326EA2E340071B5D8 /* Base */,
			);
			name = LaunchScreen.storyboard;
			sourceTree = "<group>";
		};
/* End PBXVariantGroup section */

/* Begin XCBuildConfiguration section */
		8310806C26EA2E350071B5D8 /* Debug */ = {
			isa = XCBuildConfiguration;
			buildSettings = {
				ALWAYS_SEARCH_USER_PATHS = NO;
				CLANG_ANALYZER_NONNULL = YES;
				CLANG_ANALYZER_NUMBER_OBJECT_CONVERSION = YES_AGGRESSIVE;
				CLANG_CXX_LANGUAGE_STANDARD = "gnu++14";
				CLANG_CXX_LIBRARY = "libc++";
				CLANG_ENABLE_MODULES = YES;
				CLANG_ENABLE_OBJC_ARC = YES;
				CLANG_ENABLE_OBJC_WEAK = YES;
				CLANG_WARN_BLOCK_CAPTURE_AUTORELEASING = YES;
				CLANG_WARN_BOOL_CONVERSION = YES;
				CLANG_WARN_COMMA = YES;
				CLANG_WARN_CONSTANT_CONVERSION = YES;
				CLANG_WARN_DEPRECATED_OBJC_IMPLEMENTATIONS = YES;
				CLANG_WARN_DIRECT_OBJC_ISA_USAGE = YES_ERROR;
				CLANG_WARN_DOCUMENTATION_COMMENTS = YES;
				CLANG_WARN_EMPTY_BODY = YES;
				CLANG_WARN_ENUM_CONVERSION = YES;
				CLANG_WARN_INFINITE_RECURSION = YES;
				CLANG_WARN_INT_CONVERSION = YES;
				CLANG_WARN_NON_LITERAL_NULL_CONVERSION = YES;
				CLANG_WARN_OBJC_IMPLICIT_RETAIN_SELF = YES;
				CLANG_WARN_OBJC_LITERAL_CONVERSION = YES;
				CLANG_WARN_OBJC_ROOT_CLASS = YES_ERROR;
				CLANG_WARN_QUOTED_INCLUDE_IN_FRAMEWORK_HEADER = YES;
				CLANG_WARN_RANGE_LOOP_ANALYSIS = YES;
				CLANG_WARN_STRICT_PROTOTYPES = YES;
				CLANG_WARN_SUSPICIOUS_MOVE = YES;
				CLANG_WARN_UNGUARDED_AVAILABILITY = YES_AGGRESSIVE;
				CLANG_WARN_UNREACHABLE_CODE = YES;
				CLANG_WARN__DUPLICATE_METHOD_MATCH = YES;
				COPY_PHASE_STRIP = NO;
				DEBUG_INFORMATION_FORMAT = dwarf;
				ENABLE_STRICT_OBJC_MSGSEND = YES;
				ENABLE_TESTABILITY = YES;
				GCC_C_LANGUAGE_STANDARD = gnu11;
				GCC_DYNAMIC_NO_PIC = NO;
				GCC_NO_COMMON_BLOCKS = YES;
				GCC_OPTIMIZATION_LEVEL = 0;
				GCC_PREPROCESSOR_DEFINITIONS = (
					"DEBUG=1",
					"$(inherited)",
				);
				GCC_WARN_64_TO_32_BIT_CONVERSION = YES;
				GCC_WARN_ABOUT_RETURN_TYPE = YES_ERROR;
				GCC_WARN_UNDECLARED_SELECTOR = YES;
				GCC_WARN_UNINITIALIZED_AUTOS = YES_AGGRESSIVE;
				GCC_WARN_UNUSED_FUNCTION = YES;
				GCC_WARN_UNUSED_VARIABLE = YES;
				IPHONEOS_DEPLOYMENT_TARGET = 14.4;
				MTL_ENABLE_DEBUG_INFO = INCLUDE_SOURCE;
				MTL_FAST_MATH = YES;
				ONLY_ACTIVE_ARCH = YES;
				SDKROOT = iphoneos;
				SWIFT_ACTIVE_COMPILATION_CONDITIONS = DEBUG;
				SWIFT_OPTIMIZATION_LEVEL = "-Onone";
			};
			name = Debug;
		};
		8310806D26EA2E350071B5D8 /* Release */ = {
			isa = XCBuildConfiguration;
			buildSettings = {
				ALWAYS_SEARCH_USER_PATHS = NO;
				CLANG_ANALYZER_NONNULL = YES;
				CLANG_ANALYZER_NUMBER_OBJECT_CONVERSION = YES_AGGRESSIVE;
				CLANG_CXX_LANGUAGE_STANDARD = "gnu++14";
				CLANG_CXX_LIBRARY = "libc++";
				CLANG_ENABLE_MODULES = YES;
				CLANG_ENABLE_OBJC_ARC = YES;
				CLANG_ENABLE_OBJC_WEAK = YES;
				CLANG_WARN_BLOCK_CAPTURE_AUTORELEASING = YES;
				CLANG_WARN_BOOL_CONVERSION = YES;
				CLANG_WARN_COMMA = YES;
				CLANG_WARN_CONSTANT_CONVERSION = YES;
				CLANG_WARN_DEPRECATED_OBJC_IMPLEMENTATIONS = YES;
				CLANG_WARN_DIRECT_OBJC_ISA_USAGE = YES_ERROR;
				CLANG_WARN_DOCUMENTATION_COMMENTS = YES;
				CLANG_WARN_EMPTY_BODY = YES;
				CLANG_WARN_ENUM_CONVERSION = YES;
				CLANG_WARN_INFINITE_RECURSION = YES;
				CLANG_WARN_INT_CONVERSION = YES;
				CLANG_WARN_NON_LITERAL_NULL_CONVERSION = YES;
				CLANG_WARN_OBJC_IMPLICIT_RETAIN_SELF = YES;
				CLANG_WARN_OBJC_LITERAL_CONVERSION = YES;
				CLANG_WARN_OBJC_ROOT_CLASS = YES_ERROR;
				CLANG_WARN_QUOTED_INCLUDE_IN_FRAMEWORK_HEADER = YES;
				CLANG_WARN_RANGE_LOOP_ANALYSIS = YES;
				CLANG_WARN_STRICT_PROTOTYPES = YES;
				CLANG_WARN_SUSPICIOUS_MOVE = YES;
				CLANG_WARN_UNGUARDED_AVAILABILITY = YES_AGGRESSIVE;
				CLANG_WARN_UNREACHABLE_CODE = YES;
				CLANG_WARN__DUPLICATE_METHOD_MATCH = YES;
				COPY_PHASE_STRIP = NO;
				DEBUG_INFORMATION_FORMAT = "dwarf-with-dsym";
				ENABLE_NS_ASSERTIONS = NO;
				ENABLE_STRICT_OBJC_MSGSEND = YES;
				GCC_C_LANGUAGE_STANDARD = gnu11;
				GCC_NO_COMMON_BLOCKS = YES;
				GCC_WARN_64_TO_32_BIT_CONVERSION = YES;
				GCC_WARN_ABOUT_RETURN_TYPE = YES_ERROR;
				GCC_WARN_UNDECLARED_SELECTOR = YES;
				GCC_WARN_UNINITIALIZED_AUTOS = YES_AGGRESSIVE;
				GCC_WARN_UNUSED_FUNCTION = YES;
				GCC_WARN_UNUSED_VARIABLE = YES;
				IPHONEOS_DEPLOYMENT_TARGET = 14.4;
				MTL_ENABLE_DEBUG_INFO = NO;
				MTL_FAST_MATH = YES;
				SDKROOT = iphoneos;
				SWIFT_COMPILATION_MODE = wholemodule;
				SWIFT_OPTIMIZATION_LEVEL = "-O";
				VALIDATE_PRODUCT = YES;
			};
			name = Release;
		};
		8310806F26EA2E350071B5D8 /* Debug */ = {
			isa = XCBuildConfiguration;
			buildSettings = {
				ASSETCATALOG_COMPILER_APPICON_NAME = AppIcon;
				ASSETCATALOG_COMPILER_GLOBAL_ACCENT_COLOR_NAME = AccentColor;
				CODE_SIGN_STYLE = Automatic;
				DEVELOPMENT_TEAM = 56NB3JKLU5;
				INFOPLIST_FILE = hw7bonus2/Info.plist;
				LD_RUNPATH_SEARCH_PATHS = (
					"$(inherited)",
					"@executable_path/Frameworks",
				);
				PRODUCT_BUNDLE_IDENTIFIER = myComp.hw7bonus2;
				PRODUCT_NAME = "$(TARGET_NAME)";
				SWIFT_VERSION = 5.0;
				TARGETED_DEVICE_FAMILY = "1,2";
			};
			name = Debug;
		};
		8310807026EA2E350071B5D8 /* Release */ = {
			isa = XCBuildConfiguration;
			buildSettings = {
				ASSETCATALOG_COMPILER_APPICON_NAME = AppIcon;
				ASSETCATALOG_COMPILER_GLOBAL_ACCENT_COLOR_NAME = AccentColor;
				CODE_SIGN_STYLE = Automatic;
				DEVELOPMENT_TEAM = 56NB3JKLU5;
				INFOPLIST_FILE = hw7bonus2/Info.plist;
				LD_RUNPATH_SEARCH_PATHS = (
					"$(inherited)",
					"@executable_path/Frameworks",
				);
				PRODUCT_BUNDLE_IDENTIFIER = myComp.hw7bonus2;
				PRODUCT_NAME = "$(TARGET_NAME)";
				SWIFT_VERSION = 5.0;
				TARGETED_DEVICE_FAMILY = "1,2";
			};
			name = Release;
		};
		8310807226EA2E350071B5D8 /* Debug */ = {
			isa = XCBuildConfiguration;
			buildSettings = {
				ALWAYS_EMBED_SWIFT_STANDARD_LIBRARIES = YES;
				BUNDLE_LOADER = "$(TEST_HOST)";
				CODE_SIGN_STYLE = Automatic;
				INFOPLIST_FILE = hw7bonus2Tests/Info.plist;
				IPHONEOS_DEPLOYMENT_TARGET = 14.4;
				LD_RUNPATH_SEARCH_PATHS = (
					"$(inherited)",
					"@executable_path/Frameworks",
					"@loader_path/Frameworks",
				);
				PRODUCT_BUNDLE_IDENTIFIER = myComp.hw7bonus2Tests;
				PRODUCT_NAME = "$(TARGET_NAME)";
				SWIFT_VERSION = 5.0;
				TARGETED_DEVICE_FAMILY = "1,2";
				TEST_HOST = "$(BUILT_PRODUCTS_DIR)/hw7bonus2.app/hw7bonus2";
			};
			name = Debug;
		};
		8310807326EA2E350071B5D8 /* Release */ = {
			isa = XCBuildConfiguration;
			buildSettings = {
				ALWAYS_EMBED_SWIFT_STANDARD_LIBRARIES = YES;
				BUNDLE_LOADER = "$(TEST_HOST)";
				CODE_SIGN_STYLE = Automatic;
				INFOPLIST_FILE = hw7bonus2Tests/Info.plist;
				IPHONEOS_DEPLOYMENT_TARGET = 14.4;
				LD_RUNPATH_SEARCH_PATHS = (
					"$(inherited)",
					"@executable_path/Frameworks",
					"@loader_path/Frameworks",
				);
				PRODUCT_BUNDLE_IDENTIFIER = myComp.hw7bonus2Tests;
				PRODUCT_NAME = "$(TARGET_NAME)";
				SWIFT_VERSION = 5.0;
				TARGETED_DEVICE_FAMILY = "1,2";
				TEST_HOST = "$(BUILT_PRODUCTS_DIR)/hw7bonus2.app/hw7bonus2";
			};
			name = Release;
		};
		8310807526EA2E350071B5D8 /* Debug */ = {
			isa = XCBuildConfiguration;
			buildSettings = {
				ALWAYS_EMBED_SWIFT_STANDARD_LIBRARIES = YES;
				CODE_SIGN_STYLE = Automatic;
				INFOPLIST_FILE = hw7bonus2UITests/Info.plist;
				LD_RUNPATH_SEARCH_PATHS = (
					"$(inherited)",
					"@executable_path/Frameworks",
					"@loader_path/Frameworks",
				);
				PRODUCT_BUNDLE_IDENTIFIER = myComp.hw7bonus2UITests;
				PRODUCT_NAME = "$(TARGET_NAME)";
				SWIFT_VERSION = 5.0;
				TARGETED_DEVICE_FAMILY = "1,2";
				TEST_TARGET_NAME = hw7bonus2;
			};
			name = Debug;
		};
		8310807626EA2E350071B5D8 /* Release */ = {
			isa = XCBuildConfiguration;
			buildSettings = {
				ALWAYS_EMBED_SWIFT_STANDARD_LIBRARIES = YES;
				CODE_SIGN_STYLE = Automatic;
				INFOPLIST_FILE = hw7bonus2UITests/Info.plist;
				LD_RUNPATH_SEARCH_PATHS = (
					"$(inherited)",
					"@executable_path/Frameworks",
					"@loader_path/Frameworks",
				);
				PRODUCT_BUNDLE_IDENTIFIER = myComp.hw7bonus2UITests;
				PRODUCT_NAME = "$(TARGET_NAME)";
				SWIFT_VERSION = 5.0;
				TARGETED_DEVICE_FAMILY = "1,2";
				TEST_TARGET_NAME = hw7bonus2;
			};
			name = Release;
		};
/* End XCBuildConfiguration section */

/* Begin XCConfigurationList section */
		8310803F26EA2E330071B5D8 /* Build configuration list for PBXProject "hw7bonus2" */ = {
			isa = XCConfigurationList;
			buildConfigurations = (
				8310806C26EA2E350071B5D8 /* Debug */,
				8310806D26EA2E350071B5D8 /* Release */,
			);
			defaultConfigurationIsVisible = 0;
			defaultConfigurationName = Release;
		};
		8310806E26EA2E350071B5D8 /* Build configuration list for PBXNativeTarget "hw7bonus2" */ = {
			isa = XCConfigurationList;
			buildConfigurations = (
				8310806F26EA2E350071B5D8 /* Debug */,
				8310807026EA2E350071B5D8 /* Release */,
			);
			defaultConfigurationIsVisible = 0;
			defaultConfigurationName = Release;
		};
		8310807126EA2E350071B5D8 /* Build configuration list for PBXNativeTarget "hw7bonus2Tests" */ = {
			isa = XCConfigurationList;
			buildConfigurations = (
				8310807226EA2E350071B5D8 /* Debug */,
				8310807326EA2E350071B5D8 /* Release */,
			);
			defaultConfigurationIsVisible = 0;
			defaultConfigurationName = Release;
		};
		8310807426EA2E350071B5D8 /* Build configuration list for PBXNativeTarget "hw7bonus2UITests" */ = {
			isa = XCConfigurationList;
			buildConfigurations = (
				8310807526EA2E350071B5D8 /* Debug */,
				8310807626EA2E350071B5D8 /* Release */,
			);
			defaultConfigurationIsVisible = 0;
			defaultConfigurationName = Release;
		};
/* End XCConfigurationList section */
	};
	rootObject = 8310803C26EA2E330071B5D8 /* Project object */;
}
